
Microsoft Visual Studio Solution File, Format Version 12.00
Project("{2150E333-8FDC-42A3-9474-1A3956D46DE8}") = "src", "src", "{FC4FC285-3414-4D7D-B872-C54B74EDD8CE}"
EndProject
Project("{2150E333-8FDC-42A3-9474-1A3956D46DE8}") = "tests", "tests", "{A020EBE5-FB17-42A0-862D-56FF90ADE447}"
EndProject
Project("{2150E333-8FDC-42A3-9474-1A3956D46DE8}") = "API", "API", "{BFE4273C-A716-4B70-97DE-99B9ED7707ED}"
EndProject
Project("{2150E333-8FDC-42A3-9474-1A3956D46DE8}") = "Core", "Core", "{F19C87E2-E671-4101-8332-332B637C7CD8}"
EndProject
Project("{2150E333-8FDC-42A3-9474-1A3956D46DE8}") = "Infrastructure", "Infrastructure", "{848DDE5A-CB81-41FC-9680-6CA17EF6686B}"
EndProject
Project("{2150E333-8FDC-42A3-9474-1A3956D46DE8}") = "UI", "UI", "{E74B04C7-AC4B-43FC-9EBA-5402A8406C9D}"
EndProject
Project("{FAE04EC0-301F-11D3-BF4B-00C04F79EFBC}") = "Domain", "Domain\Domain.csproj", "{9CD3ABC1-7192-4180-A7CD-D21463FFDF2D}"
EndProject
Project("{FAE04EC0-301F-11D3-BF4B-00C04F79EFBC}") = "Application", "Application\Application.csproj", "{782A789A-E9B5-44C5-8714-44F404CFA122}"
EndProject
Global
	GlobalSection(SolutionConfigurationPlatforms) = preSolution
		Debug|Any CPU = Debug|Any CPU
		Release|Any CPU = Release|Any CPU
	EndGlobalSection
	GlobalSection(NestedProjects) = preSolution
		{BFE4273C-A716-4B70-97DE-99B9ED7707ED} = {FC4FC285-3414-4D7D-B872-C54B74EDD8CE}
		{F19C87E2-E671-4101-8332-332B637C7CD8} = {FC4FC285-3414-4D7D-B872-C54B74EDD8CE}
		{848DDE5A-CB81-41FC-9680-6CA17EF6686B} = {FC4FC285-3414-4D7D-B872-C54B74EDD8CE}
		{E74B04C7-AC4B-43FC-9EBA-5402A8406C9D} = {FC4FC285-3414-4D7D-B872-C54B74EDD8CE}
		{9CD3ABC1-7192-4180-A7CD-D21463FFDF2D} = {F19C87E2-E671-4101-8332-332B637C7CD8}
		{782A789A-E9B5-44C5-8714-44F404CFA122} = {F19C87E2-E671-4101-8332-332B637C7CD8}
	EndGlobalSection
	GlobalSection(ProjectConfigurationPlatforms) = postSolution
		{9CD3ABC1-7192-4180-A7CD-D21463FFDF2D}.Debug|Any CPU.ActiveCfg = Debug|Any CPU
		{9CD3ABC1-7192-4180-A7CD-D21463FFDF2D}.Debug|Any CPU.Build.0 = Debug|Any CPU
		{9CD3ABC1-7192-4180-A7CD-D21463FFDF2D}.Release|Any CPU.ActiveCfg = Release|Any CPU
		{9CD3ABC1-7192-4180-A7CD-D21463FFDF2D}.Release|Any CPU.Build.0 = Release|Any CPU
		{782A789A-E9B5-44C5-8714-44F404CFA122}.Debug|Any CPU.ActiveCfg = Debug|Any CPU
		{782A789A-E9B5-44C5-8714-44F404CFA122}.Debug|Any CPU.Build.0 = Debug|Any CPU
		{782A789A-E9B5-44C5-8714-44F404CFA122}.Release|Any CPU.ActiveCfg = Release|Any CPU
		{782A789A-E9B5-44C5-8714-44F404CFA122}.Release|Any CPU.Build.0 = Release|Any CPU
	EndGlobalSection
EndGlobal
